
Microsoft Visual Studio Solution File, Format Version 12.00
# Visual Studio Version 17
VisualStudioVersion = 17.9.34728.123
MinimumVisualStudioVersion = 10.0.40219.1
Project("{2150E333-8FDC-42A3-9474-1A3956D46DE8}") = "src", "src", "{AC1E750D-0DEA-4233-B3B0-5D51C9942E64}"
EndProject
Project("{2150E333-8FDC-42A3-9474-1A3956D46DE8}") = "Core", "Core", "{7D25C185-9DAA-4929-9CE0-1DA42845A13E}"
EndProject
Project("{9A19103F-16F7-4668-BE54-9A1E7A4F7556}") = "ProductApp.Domain", "src\Core\ProductApp.Domain\ProductApp.Domain.csproj", "{5A1CA567-7BFB-450B-AED9-66A794A8E35C}"
EndProject
Project("{FAE04EC0-301F-11D3-BF4B-00C04F79EFBC}") = "ProductApp.Application", "src\Core\ProductApp.Application\ProductApp.Application.csproj", "{CF29EE61-54A9-4715-8490-0C406F0FD4BB}"
EndProject
Project("{2150E333-8FDC-42A3-9474-1A3956D46DE8}") = "Infrastructure", "Infrastructure", "{E7072EC6-465C-4D47-AC84-F7D885F6A5A8}"
EndProject
Project("{FAE04EC0-301F-11D3-BF4B-00C04F79EFBC}") = "ProductApp.Persistence", "src\Infrastructure\ProductApp.Persistence\ProductApp.Persistence.csproj", "{25A3B2E8-7437-4AB8-8D74-DC1BC684F033}"
EndProject
Project("{2150E333-8FDC-42A3-9474-1A3956D46DE8}") = "WebAPI", "WebAPI", "{C96A0DCE-9E58-4D08-8E84-F6DAF27B643F}"
EndProject
Project("{FAE04EC0-301F-11D3-BF4B-00C04F79EFBC}") = "ProductApp.WebAPI", "src\WebAPI\ProductApp.WebAPI\ProductApp.WebAPI.csproj", "{FD43F9E7-5FEC-49A2-AC6A-D44D77F509D8}"
EndProject
Global
	GlobalSection(SolutionConfigurationPlatforms) = preSolution
		Debug|Any CPU = Debug|Any CPU
		Release|Any CPU = Release|Any CPU
	EndGlobalSection
	GlobalSection(ProjectConfigurationPlatforms) = postSolution
		{5A1CA567-7BFB-450B-AED9-66A794A8E35C}.Debug|Any CPU.ActiveCfg = Debug|Any CPU
		{5A1CA567-7BFB-450B-AED9-66A794A8E35C}.Debug|Any CPU.Build.0 = Debug|Any CPU
		{5A1CA567-7BFB-450B-AED9-66A794A8E35C}.Release|Any CPU.ActiveCfg = Release|Any CPU
		{5A1CA567-7BFB-450B-AED9-66A794A8E35C}.Release|Any CPU.Build.0 = Release|Any CPU
		{CF29EE61-54A9-4715-8490-0C406F0FD4BB}.Debug|Any CPU.ActiveCfg = Debug|Any CPU
		{CF29EE61-54A9-4715-8490-0C406F0FD4BB}.Debug|Any CPU.Build.0 = Debug|Any CPU
		{CF29EE61-54A9-4715-8490-0C406F0FD4BB}.Release|Any CPU.ActiveCfg = Release|Any CPU
		{CF29EE61-54A9-4715-8490-0C406F0FD4BB}.Release|Any CPU.Build.0 = Release|Any CPU
		{25A3B2E8-7437-4AB8-8D74-DC1BC684F033}.Debug|Any CPU.ActiveCfg = Debug|Any CPU
		{25A3B2E8-7437-4AB8-8D74-DC1BC684F033}.Debug|Any CPU.Build.0 = Debug|Any CPU
		{25A3B2E8-7437-4AB8-8D74-DC1BC684F033}.Release|Any CPU.ActiveCfg = Release|Any CPU
		{25A3B2E8-7437-4AB8-8D74-DC1BC684F033}.Release|Any CPU.Build.0 = Release|Any CPU
		{FD43F9E7-5FEC-49A2-AC6A-D44D77F509D8}.Debug|Any CPU.ActiveCfg = Debug|Any CPU
		{FD43F9E7-5FEC-49A2-AC6A-D44D77F509D8}.Debug|Any CPU.Build.0 = Debug|Any CPU
		{FD43F9E7-5FEC-49A2-AC6A-D44D77F509D8}.Release|Any CPU.ActiveCfg = Release|Any CPU
		{FD43F9E7-5FEC-49A2-AC6A-D44D77F509D8}.Release|Any CPU.Build.0 = Release|Any CPU
	EndGlobalSection
	GlobalSection(SolutionProperties) = preSolution
		HideSolutionNode = FALSE
	EndGlobalSection
	GlobalSection(NestedProjects) = preSolution
		{7D25C185-9DAA-4929-9CE0-1DA42845A13E} = {AC1E750D-0DEA-4233-B3B0-5D51C9942E64}
		{5A1CA567-7BFB-450B-AED9-66A794A8E35C} = {7D25C185-9DAA-4929-9CE0-1DA42845A13E}
		{CF29EE61-54A9-4715-8490-0C406F0FD4BB} = {7D25C185-9DAA-4929-9CE0-1DA42845A13E}
		{E7072EC6-465C-4D47-AC84-F7D885F6A5A8} = {AC1E750D-0DEA-4233-B3B0-5D51C9942E64}
		{25A3B2E8-7437-4AB8-8D74-DC1BC684F033} = {E7072EC6-465C-4D47-AC84-F7D885F6A5A8}
		{C96A0DCE-9E58-4D08-8E84-F6DAF27B643F} = {AC1E750D-0DEA-4233-B3B0-5D51C9942E64}
		{FD43F9E7-5FEC-49A2-AC6A-D44D77F509D8} = {C96A0DCE-9E58-4D08-8E84-F6DAF27B643F}
	EndGlobalSection
	GlobalSection(ExtensibilityGlobals) = postSolution
		SolutionGuid = {3957BAE0-1478-4AE4-8FF6-754758401EFA}
	EndGlobalSection
EndGlobal
